
Microsoft Visual Studio Solution File, Format Version 12.00
# Visual Studio Version 16
VisualStudioVersion = 16.0.32413.511
MinimumVisualStudioVersion = 10.0.40219.1
Project("{9A19103F-16F7-4668-BE54-9A1E7A4F7556}") = "ChapeauUI", "ChapeauUI\ChapeauUI.csproj", "{D8166DEE-398F-473D-9C9F-9A06CD77ED45}"
EndProject
Project("{9A19103F-16F7-4668-BE54-9A1E7A4F7556}") = "ChapeauDAL", "ChapeauDAL\ChapeauDAL.csproj", "{F78EDFC9-1578-48DA-8B9D-62EBA89E6A9C}"
EndProject
Project("{9A19103F-16F7-4668-BE54-9A1E7A4F7556}") = "ChapeauLogic", "ChapeauLogic\ChapeauLogic.csproj", "{930B3965-F837-4CAF-9285-78317A700252}"
EndProject
Project("{9A19103F-16F7-4668-BE54-9A1E7A4F7556}") = "ChapeauModel", "ChapeauModel\ChapeauModel.csproj", "{F74AACC1-FE48-459E-8BF2-A11B54B9416C}"
EndProject
Global
	GlobalSection(SolutionConfigurationPlatforms) = preSolution
		Debug|Any CPU = Debug|Any CPU
		Release|Any CPU = Release|Any CPU
	EndGlobalSection
	GlobalSection(ProjectConfigurationPlatforms) = postSolution
		{D8166DEE-398F-473D-9C9F-9A06CD77ED45}.Debug|Any CPU.ActiveCfg = Debug|Any CPU
		{D8166DEE-398F-473D-9C9F-9A06CD77ED45}.Debug|Any CPU.Build.0 = Debug|Any CPU
		{D8166DEE-398F-473D-9C9F-9A06CD77ED45}.Release|Any CPU.ActiveCfg = Release|Any CPU
		{D8166DEE-398F-473D-9C9F-9A06CD77ED45}.Release|Any CPU.Build.0 = Release|Any CPU
		{F78EDFC9-1578-48DA-8B9D-62EBA89E6A9C}.Debug|Any CPU.ActiveCfg = Debug|Any CPU
		{F78EDFC9-1578-48DA-8B9D-62EBA89E6A9C}.Debug|Any CPU.Build.0 = Debug|Any CPU
		{F78EDFC9-1578-48DA-8B9D-62EBA89E6A9C}.Release|Any CPU.ActiveCfg = Release|Any CPU
		{F78EDFC9-1578-48DA-8B9D-62EBA89E6A9C}.Release|Any CPU.Build.0 = Release|Any CPU
		{930B3965-F837-4CAF-9285-78317A700252}.Debug|Any CPU.ActiveCfg = Debug|Any CPU
		{930B3965-F837-4CAF-9285-78317A700252}.Debug|Any CPU.Build.0 = Debug|Any CPU
		{930B3965-F837-4CAF-9285-78317A700252}.Release|Any CPU.ActiveCfg = Release|Any CPU
		{930B3965-F837-4CAF-9285-78317A700252}.Release|Any CPU.Build.0 = Release|Any CPU
		{F74AACC1-FE48-459E-8BF2-A11B54B9416C}.Debug|Any CPU.ActiveCfg = Debug|Any CPU
		{F74AACC1-FE48-459E-8BF2-A11B54B9416C}.Debug|Any CPU.Build.0 = Debug|Any CPU
		{F74AACC1-FE48-459E-8BF2-A11B54B9416C}.Release|Any CPU.ActiveCfg = Release|Any CPU
		{F74AACC1-FE48-459E-8BF2-A11B54B9416C}.Release|Any CPU.Build.0 = Release|Any CPU
	EndGlobalSection
	GlobalSection(SolutionProperties) = preSolution
		HideSolutionNode = FALSE
	EndGlobalSection
	GlobalSection(ExtensibilityGlobals) = postSolution
		SolutionGuid = {492186BB-45A5-42A0-837B-97357808D397}
	EndGlobalSection
EndGlobal
